
Microsoft Visual Studio Solution File, Format Version 12.00
# Visual Studio Version 16
VisualStudioVersion = 16.0.32126.315
MinimumVisualStudioVersion = 10.0.40219.1
Project("{FAE04EC0-301F-11D3-BF4B-00C04F79EFBC}") = "BilLib", "BilLib\BilLib.csproj", "{0832E095-BE38-4ABD-8401-61ABD6A69A46}"
EndProject
Project("{FAE04EC0-301F-11D3-BF4B-00C04F79EFBC}") = "BilDatabaseApp", "BilDatabaseApp\BilDatabaseApp.csproj", "{9E2A8C7F-D7A6-4984-AA73-EF8BC38BC130}"
EndProject
Global
	GlobalSection(SolutionConfigurationPlatforms) = preSolution
		Debug|Any CPU = Debug|Any CPU
		Release|Any CPU = Release|Any CPU
	EndGlobalSection
	GlobalSection(ProjectConfigurationPlatforms) = postSolution
		{0832E095-BE38-4ABD-8401-61ABD6A69A46}.Debug|Any CPU.ActiveCfg = Debug|Any CPU
		{0832E095-BE38-4ABD-8401-61ABD6A69A46}.Debug|Any CPU.Build.0 = Debug|Any CPU
		{0832E095-BE38-4ABD-8401-61ABD6A69A46}.Release|Any CPU.ActiveCfg = Release|Any CPU
		{0832E095-BE38-4ABD-8401-61ABD6A69A46}.Release|Any CPU.Build.0 = Release|Any CPU
		{9E2A8C7F-D7A6-4984-AA73-EF8BC38BC130}.Debug|Any CPU.ActiveCfg = Debug|Any CPU
		{9E2A8C7F-D7A6-4984-AA73-EF8BC38BC130}.Debug|Any CPU.Build.0 = Debug|Any CPU
		{9E2A8C7F-D7A6-4984-AA73-EF8BC38BC130}.Release|Any CPU.ActiveCfg = Release|Any CPU
		{9E2A8C7F-D7A6-4984-AA73-EF8BC38BC130}.Release|Any CPU.Build.0 = Release|Any CPU
	EndGlobalSection
	GlobalSection(SolutionProperties) = preSolution
		HideSolutionNode = FALSE
	EndGlobalSection
	GlobalSection(ExtensibilityGlobals) = postSolution
		SolutionGuid = {F22F583F-1607-40F7-B58B-A63521EFD51B}
	EndGlobalSection
EndGlobal
